// !$*UTF8*$!
{
	archiveVersion = 1;
	classes = {
	};
	objectVersion = 56;
	objects = {

/* Begin PBXBuildFile section */
		1C8548AA2A9CC61E00E3B6C6 /* UIView+Extension.swift in Sources */ = {isa = PBXBuildFile; fileRef = 1C8548A92A9CC61E00E3B6C6 /* UIView+Extension.swift */; };
		1C8548AC2A9CD01500E3B6C6 /* AmountView.swift in Sources */ = {isa = PBXBuildFile; fileRef = 1C8548AB2A9CD01500E3B6C6 /* AmountView.swift */; };
		1CBF42932A8CD24E00612BAF /* AppDelegate.swift in Sources */ = {isa = PBXBuildFile; fileRef = 1CBF42922A8CD24E00612BAF /* AppDelegate.swift */; };
		1CBF42952A8CD24E00612BAF /* SceneDelegate.swift in Sources */ = {isa = PBXBuildFile; fileRef = 1CBF42942A8CD24E00612BAF /* SceneDelegate.swift */; };
		1CBF42972A8CD24E00612BAF /* CalculatorVC.swift in Sources */ = {isa = PBXBuildFile; fileRef = 1CBF42962A8CD24E00612BAF /* CalculatorVC.swift */; };
		1CBF429C2A8CD25100612BAF /* Assets.xcassets in Resources */ = {isa = PBXBuildFile; fileRef = 1CBF429B2A8CD25100612BAF /* Assets.xcassets */; };
		1CBF429F2A8CD25100612BAF /* LaunchScreen.storyboard in Resources */ = {isa = PBXBuildFile; fileRef = 1CBF429D2A8CD25100612BAF /* LaunchScreen.storyboard */; };
		1CBF42AA2A8CD25100612BAF /* tip_calculatorTests.swift in Sources */ = {isa = PBXBuildFile; fileRef = 1CBF42A92A8CD25100612BAF /* tip_calculatorTests.swift */; };
		1CBF42B42A8CD25100612BAF /* tip_calculatorUITests.swift in Sources */ = {isa = PBXBuildFile; fileRef = 1CBF42B32A8CD25100612BAF /* tip_calculatorUITests.swift */; };
		1CBF42B62A8CD25100612BAF /* tip_calculatorUITestsLaunchTests.swift in Sources */ = {isa = PBXBuildFile; fileRef = 1CBF42B52A8CD25100612BAF /* tip_calculatorUITestsLaunchTests.swift */; };
		1CBF42C42A8CD32F00612BAF /* CombineCocoa in Frameworks */ = {isa = PBXBuildFile; productRef = 1CBF42C32A8CD32F00612BAF /* CombineCocoa */; };
		1CBF42C72A8CD35400612BAF /* SnapKit in Frameworks */ = {isa = PBXBuildFile; productRef = 1CBF42C62A8CD35400612BAF /* SnapKit */; };
		1CBF42CA2A8CD39A00612BAF /* CombineCocoa in Frameworks */ = {isa = PBXBuildFile; productRef = 1CBF42C92A8CD39A00612BAF /* CombineCocoa */; };
		1CBF42CD2A8CD3D000612BAF /* SnapshotTesting in Frameworks */ = {isa = PBXBuildFile; productRef = 1CBF42CC2A8CD3D000612BAF /* SnapshotTesting */; };
		1CBF42CF2A8CD3E800612BAF /* CombineCocoa in Frameworks */ = {isa = PBXBuildFile; productRef = 1CBF42CE2A8CD3E800612BAF /* CombineCocoa */; };
		1CBF42D22A8CD5D700612BAF /* LogoView.swift in Sources */ = {isa = PBXBuildFile; fileRef = 1CBF42D12A8CD5D700612BAF /* LogoView.swift */; };
		1CBF42D42A8CD68300612BAF /* ResultView.swift in Sources */ = {isa = PBXBuildFile; fileRef = 1CBF42D32A8CD68300612BAF /* ResultView.swift */; };
		1CBF42D62A8CD69400612BAF /* BillInputView.swift in Sources */ = {isa = PBXBuildFile; fileRef = 1CBF42D52A8CD69400612BAF /* BillInputView.swift */; };
		1CBF42D82A8CD6AA00612BAF /* TipInputView.swift in Sources */ = {isa = PBXBuildFile; fileRef = 1CBF42D72A8CD6AA00612BAF /* TipInputView.swift */; };
		1CBF42DA2A8CD6BF00612BAF /* SpliteInputView.swift in Sources */ = {isa = PBXBuildFile; fileRef = 1CBF42D92A8CD6BF00612BAF /* SpliteInputView.swift */; };
		1CBF42DD2A8CD93A00612BAF /* ThemeColor.swift in Sources */ = {isa = PBXBuildFile; fileRef = 1CBF42DC2A8CD93A00612BAF /* ThemeColor.swift */; };
		1CBF42DF2A8CD94D00612BAF /* ThemeFont.swift in Sources */ = {isa = PBXBuildFile; fileRef = 1CBF42DE2A8CD94D00612BAF /* ThemeFont.swift */; };
		1CBF42E22A8CD98600612BAF /* UIColor+Extension.swift in Sources */ = {isa = PBXBuildFile; fileRef = 1CBF42E12A8CD98600612BAF /* UIColor+Extension.swift */; };
		1CBF42E52A8CDDF900612BAF /* LabelFactory.swift in Sources */ = {isa = PBXBuildFile; fileRef = 1CBF42E42A8CDDF900612BAF /* LabelFactory.swift */; };
		1CF5561C2A9F662100DF2577 /* Tip.swift in Sources */ = {isa = PBXBuildFile; fileRef = 1CF5561B2A9F662100DF2577 /* Tip.swift */; };
		1CF5561E2A9F666500DF2577 /* HeaderView.swift in Sources */ = {isa = PBXBuildFile; fileRef = 1CF5561D2A9F666500DF2577 /* HeaderView.swift */; };
		1CF556212A9F703A00DF2577 /* CalculatorVM.swift in Sources */ = {isa = PBXBuildFile; fileRef = 1CF556202A9F703A00DF2577 /* CalculatorVM.swift */; };
		1CF556232A9F72D600DF2577 /* Result.swift in Sources */ = {isa = PBXBuildFile; fileRef = 1CF556222A9F72D600DF2577 /* Result.swift */; };
		1CF556252A9F788100DF2577 /* String+Extension.swift in Sources */ = {isa = PBXBuildFile; fileRef = 1CF556242A9F788100DF2577 /* String+Extension.swift */; };
		1CF8B11F2AAF33720049FF38 /* UIResponder+Extension.swift in Sources */ = {isa = PBXBuildFile; fileRef = 1CF8B11E2AAF33720049FF38 /* UIResponder+Extension.swift */; };
		1CF8B1212AAF39CF0049FF38 /* Int+Extension.swift in Sources */ = {isa = PBXBuildFile; fileRef = 1CF8B1202AAF39CF0049FF38 /* Int+Extension.swift */; };
/* End PBXBuildFile section */

/* Begin PBXContainerItemProxy section */
		1CBF42A62A8CD25100612BAF /* PBXContainerItemProxy */ = {
			isa = PBXContainerItemProxy;
			containerPortal = 1CBF42872A8CD24E00612BAF /* Project object */;
			proxyType = 1;
			remoteGlobalIDString = 1CBF428E2A8CD24E00612BAF;
			remoteInfo = "tip-calculator";
		};
		1CBF42B02A8CD25100612BAF /* PBXContainerItemProxy */ = {
			isa = PBXContainerItemProxy;
			containerPortal = 1CBF42872A8CD24E00612BAF /* Project object */;
			proxyType = 1;
			remoteGlobalIDString = 1CBF428E2A8CD24E00612BAF;
			remoteInfo = "tip-calculator";
		};
/* End PBXContainerItemProxy section */

/* Begin PBXFileReference section */
		1C8548A92A9CC61E00E3B6C6 /* UIView+Extension.swift */ = {isa = PBXFileReference; lastKnownFileType = sourcecode.swift; path = "UIView+Extension.swift"; sourceTree = "<group>"; };
		1C8548AB2A9CD01500E3B6C6 /* AmountView.swift */ = {isa = PBXFileReference; lastKnownFileType = sourcecode.swift; path = AmountView.swift; sourceTree = "<group>"; };
		1CBF428F2A8CD24E00612BAF /* tip-calculator.app */ = {isa = PBXFileReference; explicitFileType = wrapper.application; includeInIndex = 0; path = "tip-calculator.app"; sourceTree = BUILT_PRODUCTS_DIR; };
		1CBF42922A8CD24E00612BAF /* AppDelegate.swift */ = {isa = PBXFileReference; lastKnownFileType = sourcecode.swift; path = AppDelegate.swift; sourceTree = "<group>"; };
		1CBF42942A8CD24E00612BAF /* SceneDelegate.swift */ = {isa = PBXFileReference; lastKnownFileType = sourcecode.swift; path = SceneDelegate.swift; sourceTree = "<group>"; };
		1CBF42962A8CD24E00612BAF /* CalculatorVC.swift */ = {isa = PBXFileReference; lastKnownFileType = sourcecode.swift; path = CalculatorVC.swift; sourceTree = "<group>"; };
		1CBF429B2A8CD25100612BAF /* Assets.xcassets */ = {isa = PBXFileReference; lastKnownFileType = folder.assetcatalog; path = Assets.xcassets; sourceTree = "<group>"; };
		1CBF429E2A8CD25100612BAF /* Base */ = {isa = PBXFileReference; lastKnownFileType = file.storyboard; name = Base; path = Base.lproj/LaunchScreen.storyboard; sourceTree = "<group>"; };
		1CBF42A02A8CD25100612BAF /* Info.plist */ = {isa = PBXFileReference; lastKnownFileType = text.plist.xml; path = Info.plist; sourceTree = "<group>"; };
		1CBF42A52A8CD25100612BAF /* tip-calculatorTests.xctest */ = {isa = PBXFileReference; explicitFileType = wrapper.cfbundle; includeInIndex = 0; path = "tip-calculatorTests.xctest"; sourceTree = BUILT_PRODUCTS_DIR; };
		1CBF42A92A8CD25100612BAF /* tip_calculatorTests.swift */ = {isa = PBXFileReference; lastKnownFileType = sourcecode.swift; path = tip_calculatorTests.swift; sourceTree = "<group>"; };
		1CBF42AF2A8CD25100612BAF /* tip-calculatorUITests.xctest */ = {isa = PBXFileReference; explicitFileType = wrapper.cfbundle; includeInIndex = 0; path = "tip-calculatorUITests.xctest"; sourceTree = BUILT_PRODUCTS_DIR; };
		1CBF42B32A8CD25100612BAF /* tip_calculatorUITests.swift */ = {isa = PBXFileReference; lastKnownFileType = sourcecode.swift; path = tip_calculatorUITests.swift; sourceTree = "<group>"; };
		1CBF42B52A8CD25100612BAF /* tip_calculatorUITestsLaunchTests.swift */ = {isa = PBXFileReference; lastKnownFileType = sourcecode.swift; path = tip_calculatorUITestsLaunchTests.swift; sourceTree = "<group>"; };
		1CBF42D12A8CD5D700612BAF /* LogoView.swift */ = {isa = PBXFileReference; lastKnownFileType = sourcecode.swift; path = LogoView.swift; sourceTree = "<group>"; };
		1CBF42D32A8CD68300612BAF /* ResultView.swift */ = {isa = PBXFileReference; lastKnownFileType = sourcecode.swift; path = ResultView.swift; sourceTree = "<group>"; };
		1CBF42D52A8CD69400612BAF /* BillInputView.swift */ = {isa = PBXFileReference; lastKnownFileType = sourcecode.swift; path = BillInputView.swift; sourceTree = "<group>"; };
		1CBF42D72A8CD6AA00612BAF /* TipInputView.swift */ = {isa = PBXFileReference; lastKnownFileType = sourcecode.swift; path = TipInputView.swift; sourceTree = "<group>"; };
		1CBF42D92A8CD6BF00612BAF /* SpliteInputView.swift */ = {isa = PBXFileReference; lastKnownFileType = sourcecode.swift; path = SpliteInputView.swift; sourceTree = "<group>"; };
		1CBF42DC2A8CD93A00612BAF /* ThemeColor.swift */ = {isa = PBXFileReference; lastKnownFileType = sourcecode.swift; path = ThemeColor.swift; sourceTree = "<group>"; };
		1CBF42DE2A8CD94D00612BAF /* ThemeFont.swift */ = {isa = PBXFileReference; lastKnownFileType = sourcecode.swift; path = ThemeFont.swift; sourceTree = "<group>"; };
		1CBF42E12A8CD98600612BAF /* UIColor+Extension.swift */ = {isa = PBXFileReference; lastKnownFileType = sourcecode.swift; path = "UIColor+Extension.swift"; sourceTree = "<group>"; };
		1CBF42E42A8CDDF900612BAF /* LabelFactory.swift */ = {isa = PBXFileReference; lastKnownFileType = sourcecode.swift; path = LabelFactory.swift; sourceTree = "<group>"; };
		1CF5561B2A9F662100DF2577 /* Tip.swift */ = {isa = PBXFileReference; lastKnownFileType = sourcecode.swift; path = Tip.swift; sourceTree = "<group>"; };
		1CF5561D2A9F666500DF2577 /* HeaderView.swift */ = {isa = PBXFileReference; lastKnownFileType = sourcecode.swift; path = HeaderView.swift; sourceTree = "<group>"; };
		1CF556202A9F703A00DF2577 /* CalculatorVM.swift */ = {isa = PBXFileReference; lastKnownFileType = sourcecode.swift; path = CalculatorVM.swift; sourceTree = "<group>"; };
		1CF556222A9F72D600DF2577 /* Result.swift */ = {isa = PBXFileReference; lastKnownFileType = sourcecode.swift; path = Result.swift; sourceTree = "<group>"; };
		1CF556242A9F788100DF2577 /* String+Extension.swift */ = {isa = PBXFileReference; lastKnownFileType = sourcecode.swift; path = "String+Extension.swift"; sourceTree = "<group>"; };
		1CF8B11E2AAF33720049FF38 /* UIResponder+Extension.swift */ = {isa = PBXFileReference; lastKnownFileType = sourcecode.swift; path = "UIResponder+Extension.swift"; sourceTree = "<group>"; };
		1CF8B1202AAF39CF0049FF38 /* Int+Extension.swift */ = {isa = PBXFileReference; lastKnownFileType = sourcecode.swift; path = "Int+Extension.swift"; sourceTree = "<group>"; };
/* End PBXFileReference section */

/* Begin PBXFrameworksBuildPhase section */
		1CBF428C2A8CD24E00612BAF /* Frameworks */ = {
			isa = PBXFrameworksBuildPhase;
			buildActionMask = 2147483647;
			files = (
				1CBF42C42A8CD32F00612BAF /* CombineCocoa in Frameworks */,
				1CBF42C72A8CD35400612BAF /* SnapKit in Frameworks */,
			);
			runOnlyForDeploymentPostprocessing = 0;
		};
		1CBF42A22A8CD25100612BAF /* Frameworks */ = {
			isa = PBXFrameworksBuildPhase;
			buildActionMask = 2147483647;
			files = (
				1CBF42CA2A8CD39A00612BAF /* CombineCocoa in Frameworks */,
				1CBF42CD2A8CD3D000612BAF /* SnapshotTesting in Frameworks */,
			);
			runOnlyForDeploymentPostprocessing = 0;
		};
		1CBF42AC2A8CD25100612BAF /* Frameworks */ = {
			isa = PBXFrameworksBuildPhase;
			buildActionMask = 2147483647;
			files = (
				1CBF42CF2A8CD3E800612BAF /* CombineCocoa in Frameworks */,
			);
			runOnlyForDeploymentPostprocessing = 0;
		};
/* End PBXFrameworksBuildPhase section */

/* Begin PBXGroup section */
		1CBF42862A8CD24E00612BAF = {
			isa = PBXGroup;
			children = (
				1CBF42912A8CD24E00612BAF /* tip-calculator */,
				1CBF42A82A8CD25100612BAF /* tip-calculatorTests */,
				1CBF42B22A8CD25100612BAF /* tip-calculatorUITests */,
				1CBF42902A8CD24E00612BAF /* Products */,
				1CBF42C82A8CD39A00612BAF /* Frameworks */,
			);
			sourceTree = "<group>";
		};
		1CBF42902A8CD24E00612BAF /* Products */ = {
			isa = PBXGroup;
			children = (
				1CBF428F2A8CD24E00612BAF /* tip-calculator.app */,
				1CBF42A52A8CD25100612BAF /* tip-calculatorTests.xctest */,
				1CBF42AF2A8CD25100612BAF /* tip-calculatorUITests.xctest */,
			);
			name = Products;
			sourceTree = "<group>";
		};
		1CBF42912A8CD24E00612BAF /* tip-calculator */ = {
			isa = PBXGroup;
			children = (
				1CF5561F2A9F701D00DF2577 /* viewModel */,
				1CF5561A2A9F65FA00DF2577 /* model */,
				1CBF42E32A8CDDE700612BAF /* Factory */,
				1CBF42E02A8CD97100612BAF /* extension */,
				1CBF42DB2A8CD92900612BAF /* config */,
				1CBF42D02A8CD5C700612BAF /* view */,
				1CBF42922A8CD24E00612BAF /* AppDelegate.swift */,
				1CBF42942A8CD24E00612BAF /* SceneDelegate.swift */,
				1CBF42962A8CD24E00612BAF /* CalculatorVC.swift */,
				1CBF429B2A8CD25100612BAF /* Assets.xcassets */,
				1CBF429D2A8CD25100612BAF /* LaunchScreen.storyboard */,
				1CBF42A02A8CD25100612BAF /* Info.plist */,
			);
			path = "tip-calculator";
			sourceTree = "<group>";
		};
		1CBF42A82A8CD25100612BAF /* tip-calculatorTests */ = {
			isa = PBXGroup;
			children = (
				1CBF42A92A8CD25100612BAF /* tip_calculatorTests.swift */,
			);
			path = "tip-calculatorTests";
			sourceTree = "<group>";
		};
		1CBF42B22A8CD25100612BAF /* tip-calculatorUITests */ = {
			isa = PBXGroup;
			children = (
				1CBF42B32A8CD25100612BAF /* tip_calculatorUITests.swift */,
				1CBF42B52A8CD25100612BAF /* tip_calculatorUITestsLaunchTests.swift */,
			);
			path = "tip-calculatorUITests";
			sourceTree = "<group>";
		};
		1CBF42C82A8CD39A00612BAF /* Frameworks */ = {
			isa = PBXGroup;
			children = (
			);
			name = Frameworks;
			sourceTree = "<group>";
		};
		1CBF42D02A8CD5C700612BAF /* view */ = {
			isa = PBXGroup;
			children = (
				1CBF42D12A8CD5D700612BAF /* LogoView.swift */,
				1CBF42D32A8CD68300612BAF /* ResultView.swift */,
				1CBF42D52A8CD69400612BAF /* BillInputView.swift */,
				1CBF42D72A8CD6AA00612BAF /* TipInputView.swift */,
				1CBF42D92A8CD6BF00612BAF /* SpliteInputView.swift */,
				1C8548AB2A9CD01500E3B6C6 /* AmountView.swift */,
				1CF5561D2A9F666500DF2577 /* HeaderView.swift */,
			);
			path = view;
			sourceTree = "<group>";
		};
		1CBF42DB2A8CD92900612BAF /* config */ = {
			isa = PBXGroup;
			children = (
				1CBF42DC2A8CD93A00612BAF /* ThemeColor.swift */,
				1CBF42DE2A8CD94D00612BAF /* ThemeFont.swift */,
			);
			path = config;
			sourceTree = "<group>";
		};
		1CBF42E02A8CD97100612BAF /* extension */ = {
			isa = PBXGroup;
			children = (
				1CBF42E12A8CD98600612BAF /* UIColor+Extension.swift */,
				1C8548A92A9CC61E00E3B6C6 /* UIView+Extension.swift */,
				1CF556242A9F788100DF2577 /* String+Extension.swift */,
				1CF8B11E2AAF33720049FF38 /* UIResponder+Extension.swift */,
				1CF8B1202AAF39CF0049FF38 /* Int+Extension.swift */,
			);
			path = extension;
			sourceTree = "<group>";
		};
		1CBF42E32A8CDDE700612BAF /* Factory */ = {
			isa = PBXGroup;
			children = (
				1CBF42E42A8CDDF900612BAF /* LabelFactory.swift */,
			);
			path = Factory;
			sourceTree = "<group>";
		};
		1CF5561A2A9F65FA00DF2577 /* model */ = {
			isa = PBXGroup;
			children = (
				1CF5561B2A9F662100DF2577 /* Tip.swift */,
				1CF556222A9F72D600DF2577 /* Result.swift */,
			);
			path = model;
			sourceTree = "<group>";
		};
		1CF5561F2A9F701D00DF2577 /* viewModel */ = {
			isa = PBXGroup;
			children = (
				1CF556202A9F703A00DF2577 /* CalculatorVM.swift */,
			);
			path = viewModel;
			sourceTree = "<group>";
		};
/* End PBXGroup section */

/* Begin PBXNativeTarget section */
		1CBF428E2A8CD24E00612BAF /* tip-calculator */ = {
			isa = PBXNativeTarget;
			buildConfigurationList = 1CBF42B92A8CD25100612BAF /* Build configuration list for PBXNativeTarget "tip-calculator" */;
			buildPhases = (
				1CBF428B2A8CD24E00612BAF /* Sources */,
				1CBF428C2A8CD24E00612BAF /* Frameworks */,
				1CBF428D2A8CD24E00612BAF /* Resources */,
			);
			buildRules = (
			);
			dependencies = (
			);
			name = "tip-calculator";
			packageProductDependencies = (
				1CBF42C32A8CD32F00612BAF /* CombineCocoa */,
				1CBF42C62A8CD35400612BAF /* SnapKit */,
			);
			productName = "tip-calculator";
			productReference = 1CBF428F2A8CD24E00612BAF /* tip-calculator.app */;
			productType = "com.apple.product-type.application";
		};
		1CBF42A42A8CD25100612BAF /* tip-calculatorTests */ = {
			isa = PBXNativeTarget;
			buildConfigurationList = 1CBF42BC2A8CD25100612BAF /* Build configuration list for PBXNativeTarget "tip-calculatorTests" */;
			buildPhases = (
				1CBF42A12A8CD25100612BAF /* Sources */,
				1CBF42A22A8CD25100612BAF /* Frameworks */,
				1CBF42A32A8CD25100612BAF /* Resources */,
			);
			buildRules = (
			);
			dependencies = (
				1CBF42A72A8CD25100612BAF /* PBXTargetDependency */,
			);
			name = "tip-calculatorTests";
			packageProductDependencies = (
				1CBF42C92A8CD39A00612BAF /* CombineCocoa */,
				1CBF42CC2A8CD3D000612BAF /* SnapshotTesting */,
			);
			productName = "tip-calculatorTests";
			productReference = 1CBF42A52A8CD25100612BAF /* tip-calculatorTests.xctest */;
			productType = "com.apple.product-type.bundle.unit-test";
		};
		1CBF42AE2A8CD25100612BAF /* tip-calculatorUITests */ = {
			isa = PBXNativeTarget;
			buildConfigurationList = 1CBF42BF2A8CD25100612BAF /* Build configuration list for PBXNativeTarget "tip-calculatorUITests" */;
			buildPhases = (
				1CBF42AB2A8CD25100612BAF /* Sources */,
				1CBF42AC2A8CD25100612BAF /* Frameworks */,
				1CBF42AD2A8CD25100612BAF /* Resources */,
			);
			buildRules = (
			);
			dependencies = (
				1CBF42B12A8CD25100612BAF /* PBXTargetDependency */,
			);
			name = "tip-calculatorUITests";
			packageProductDependencies = (
				1CBF42CE2A8CD3E800612BAF /* CombineCocoa */,
			);
			productName = "tip-calculatorUITests";
			productReference = 1CBF42AF2A8CD25100612BAF /* tip-calculatorUITests.xctest */;
			productType = "com.apple.product-type.bundle.ui-testing";
		};
/* End PBXNativeTarget section */

/* Begin PBXProject section */
		1CBF42872A8CD24E00612BAF /* Project object */ = {
			isa = PBXProject;
			attributes = {
				BuildIndependentTargetsInParallel = 1;
				LastSwiftUpdateCheck = 1430;
				LastUpgradeCheck = 1430;
				TargetAttributes = {
					1CBF428E2A8CD24E00612BAF = {
						CreatedOnToolsVersion = 14.3.1;
					};
					1CBF42A42A8CD25100612BAF = {
						CreatedOnToolsVersion = 14.3.1;
						TestTargetID = 1CBF428E2A8CD24E00612BAF;
					};
					1CBF42AE2A8CD25100612BAF = {
						CreatedOnToolsVersion = 14.3.1;
						TestTargetID = 1CBF428E2A8CD24E00612BAF;
					};
				};
			};
			buildConfigurationList = 1CBF428A2A8CD24E00612BAF /* Build configuration list for PBXProject "tip-calculator" */;
			compatibilityVersion = "Xcode 14.0";
			developmentRegion = en;
			hasScannedForEncodings = 0;
			knownRegions = (
				en,
				Base,
			);
			mainGroup = 1CBF42862A8CD24E00612BAF;
			packageReferences = (
				1CBF42C22A8CD32F00612BAF /* XCRemoteSwiftPackageReference "CombineCocoa" */,
				1CBF42C52A8CD35400612BAF /* XCRemoteSwiftPackageReference "SnapKit" */,
				1CBF42CB2A8CD3D000612BAF /* XCRemoteSwiftPackageReference "swift-snapshot-testing" */,
			);
			productRefGroup = 1CBF42902A8CD24E00612BAF /* Products */;
			projectDirPath = "";
			projectRoot = "";
			targets = (
				1CBF428E2A8CD24E00612BAF /* tip-calculator */,
				1CBF42A42A8CD25100612BAF /* tip-calculatorTests */,
				1CBF42AE2A8CD25100612BAF /* tip-calculatorUITests */,
			);
		};
/* End PBXProject section */

/* Begin PBXResourcesBuildPhase section */
		1CBF428D2A8CD24E00612BAF /* Resources */ = {
			isa = PBXResourcesBuildPhase;
			buildActionMask = 2147483647;
			files = (
				1CBF429F2A8CD25100612BAF /* LaunchScreen.storyboard in Resources */,
				1CBF429C2A8CD25100612BAF /* Assets.xcassets in Resources */,
			);
			runOnlyForDeploymentPostprocessing = 0;
		};
		1CBF42A32A8CD25100612BAF /* Resources */ = {
			isa = PBXResourcesBuildPhase;
			buildActionMask = 2147483647;
			files = (
			);
			runOnlyForDeploymentPostprocessing = 0;
		};
		1CBF42AD2A8CD25100612BAF /* Resources */ = {
			isa = PBXResourcesBuildPhase;
			buildActionMask = 2147483647;
			files = (
			);
			runOnlyForDeploymentPostprocessing = 0;
		};
/* End PBXResourcesBuildPhase section */

/* Begin PBXSourcesBuildPhase section */
		1CBF428B2A8CD24E00612BAF /* Sources */ = {
			isa = PBXSourcesBuildPhase;
			buildActionMask = 2147483647;
			files = (
				1CF556232A9F72D600DF2577 /* Result.swift in Sources */,
				1CF556212A9F703A00DF2577 /* CalculatorVM.swift in Sources */,
				1CF8B11F2AAF33720049FF38 /* UIResponder+Extension.swift in Sources */,
				1CF8B1212AAF39CF0049FF38 /* Int+Extension.swift in Sources */,
				1C8548AC2A9CD01500E3B6C6 /* AmountView.swift in Sources */,
				1CF556252A9F788100DF2577 /* String+Extension.swift in Sources */,
				1CBF42972A8CD24E00612BAF /* CalculatorVC.swift in Sources */,
				1C8548AA2A9CC61E00E3B6C6 /* UIView+Extension.swift in Sources */,
				1CBF42D22A8CD5D700612BAF /* LogoView.swift in Sources */,
				1CBF42DD2A8CD93A00612BAF /* ThemeColor.swift in Sources */,
				1CBF42E22A8CD98600612BAF /* UIColor+Extension.swift in Sources */,
				1CBF42D62A8CD69400612BAF /* BillInputView.swift in Sources */,
				1CBF42D42A8CD68300612BAF /* ResultView.swift in Sources */,
				1CBF42DA2A8CD6BF00612BAF /* SpliteInputView.swift in Sources */,
				1CBF42DF2A8CD94D00612BAF /* ThemeFont.swift in Sources */,
				1CBF42932A8CD24E00612BAF /* AppDelegate.swift in Sources */,
				1CBF42E52A8CDDF900612BAF /* LabelFactory.swift in Sources */,
				1CF5561C2A9F662100DF2577 /* Tip.swift in Sources */,
				1CBF42952A8CD24E00612BAF /* SceneDelegate.swift in Sources */,
				1CBF42D82A8CD6AA00612BAF /* TipInputView.swift in Sources */,
				1CF5561E2A9F666500DF2577 /* HeaderView.swift in Sources */,
			);
			runOnlyForDeploymentPostprocessing = 0;
		};
		1CBF42A12A8CD25100612BAF /* Sources */ = {
			isa = PBXSourcesBuildPhase;
			buildActionMask = 2147483647;
			files = (
				1CBF42AA2A8CD25100612BAF /* tip_calculatorTests.swift in Sources */,
			);
			runOnlyForDeploymentPostprocessing = 0;
		};
		1CBF42AB2A8CD25100612BAF /* Sources */ = {
			isa = PBXSourcesBuildPhase;
			buildActionMask = 2147483647;
			files = (
				1CBF42B62A8CD25100612BAF /* tip_calculatorUITestsLaunchTests.swift in Sources */,
				1CBF42B42A8CD25100612BAF /* tip_calculatorUITests.swift in Sources */,
			);
			runOnlyForDeploymentPostprocessing = 0;
		};
/* End PBXSourcesBuildPhase section */

/* Begin PBXTargetDependency section */
		1CBF42A72A8CD25100612BAF /* PBXTargetDependency */ = {
			isa = PBXTargetDependency;
			target = 1CBF428E2A8CD24E00612BAF /* tip-calculator */;
			targetProxy = 1CBF42A62A8CD25100612BAF /* PBXContainerItemProxy */;
		};
		1CBF42B12A8CD25100612BAF /* PBXTargetDependency */ = {
			isa = PBXTargetDependency;
			target = 1CBF428E2A8CD24E00612BAF /* tip-calculator */;
			targetProxy = 1CBF42B02A8CD25100612BAF /* PBXContainerItemProxy */;
		};
/* End PBXTargetDependency section */

/* Begin PBXVariantGroup section */
		1CBF429D2A8CD25100612BAF /* LaunchScreen.storyboard */ = {
			isa = PBXVariantGroup;
			children = (
				1CBF429E2A8CD25100612BAF /* Base */,
			);
			name = LaunchScreen.storyboard;
			sourceTree = "<group>";
		};
/* End PBXVariantGroup section */

/* Begin XCBuildConfiguration section */
		1CBF42B72A8CD25100612BAF /* Debug */ = {
			isa = XCBuildConfiguration;
			buildSettings = {
				ALWAYS_SEARCH_USER_PATHS = NO;
				CLANG_ANALYZER_NONNULL = YES;
				CLANG_ANALYZER_NUMBER_OBJECT_CONVERSION = YES_AGGRESSIVE;
				CLANG_CXX_LANGUAGE_STANDARD = "gnu++20";
				CLANG_ENABLE_MODULES = YES;
				CLANG_ENABLE_OBJC_ARC = YES;
				CLANG_ENABLE_OBJC_WEAK = YES;
				CLANG_WARN_BLOCK_CAPTURE_AUTORELEASING = YES;
				CLANG_WARN_BOOL_CONVERSION = YES;
				CLANG_WARN_COMMA = YES;
				CLANG_WARN_CONSTANT_CONVERSION = YES;
				CLANG_WARN_DEPRECATED_OBJC_IMPLEMENTATIONS = YES;
				CLANG_WARN_DIRECT_OBJC_ISA_USAGE = YES_ERROR;
				CLANG_WARN_DOCUMENTATION_COMMENTS = YES;
				CLANG_WARN_EMPTY_BODY = YES;
				CLANG_WARN_ENUM_CONVERSION = YES;
				CLANG_WARN_INFINITE_RECURSION = YES;
				CLANG_WARN_INT_CONVERSION = YES;
				CLANG_WARN_NON_LITERAL_NULL_CONVERSION = YES;
				CLANG_WARN_OBJC_IMPLICIT_RETAIN_SELF = YES;
				CLANG_WARN_OBJC_LITERAL_CONVERSION = YES;
				CLANG_WARN_OBJC_ROOT_CLASS = YES_ERROR;
				CLANG_WARN_QUOTED_INCLUDE_IN_FRAMEWORK_HEADER = YES;
				CLANG_WARN_RANGE_LOOP_ANALYSIS = YES;
				CLANG_WARN_STRICT_PROTOTYPES = YES;
				CLANG_WARN_SUSPICIOUS_MOVE = YES;
				CLANG_WARN_UNGUARDED_AVAILABILITY = YES_AGGRESSIVE;
				CLANG_WARN_UNREACHABLE_CODE = YES;
				CLANG_WARN__DUPLICATE_METHOD_MATCH = YES;
				COPY_PHASE_STRIP = NO;
				DEBUG_INFORMATION_FORMAT = dwarf;
				ENABLE_STRICT_OBJC_MSGSEND = YES;
				ENABLE_TESTABILITY = YES;
				GCC_C_LANGUAGE_STANDARD = gnu11;
				GCC_DYNAMIC_NO_PIC = NO;
				GCC_NO_COMMON_BLOCKS = YES;
				GCC_OPTIMIZATION_LEVEL = 0;
				GCC_PREPROCESSOR_DEFINITIONS = (
					"DEBUG=1",
					"$(inherited)",
				);
				GCC_WARN_64_TO_32_BIT_CONVERSION = YES;
				GCC_WARN_ABOUT_RETURN_TYPE = YES_ERROR;
				GCC_WARN_UNDECLARED_SELECTOR = YES;
				GCC_WARN_UNINITIALIZED_AUTOS = YES_AGGRESSIVE;
				GCC_WARN_UNUSED_FUNCTION = YES;
				GCC_WARN_UNUSED_VARIABLE = YES;
				IPHONEOS_DEPLOYMENT_TARGET = 16.4;
				MTL_ENABLE_DEBUG_INFO = INCLUDE_SOURCE;
				MTL_FAST_MATH = YES;
				ONLY_ACTIVE_ARCH = YES;
				SDKROOT = iphoneos;
				SWIFT_ACTIVE_COMPILATION_CONDITIONS = DEBUG;
				SWIFT_OPTIMIZATION_LEVEL = "-Onone";
			};
			name = Debug;
		};
		1CBF42B82A8CD25100612BAF /* Release */ = {
			isa = XCBuildConfiguration;
			buildSettings = {
				ALWAYS_SEARCH_USER_PATHS = NO;
				CLANG_ANALYZER_NONNULL = YES;
				CLANG_ANALYZER_NUMBER_OBJECT_CONVERSION = YES_AGGRESSIVE;
				CLANG_CXX_LANGUAGE_STANDARD = "gnu++20";
				CLANG_ENABLE_MODULES = YES;
				CLANG_ENABLE_OBJC_ARC = YES;
				CLANG_ENABLE_OBJC_WEAK = YES;
				CLANG_WARN_BLOCK_CAPTURE_AUTORELEASING = YES;
				CLANG_WARN_BOOL_CONVERSION = YES;
				CLANG_WARN_COMMA = YES;
				CLANG_WARN_CONSTANT_CONVERSION = YES;
				CLANG_WARN_DEPRECATED_OBJC_IMPLEMENTATIONS = YES;
				CLANG_WARN_DIRECT_OBJC_ISA_USAGE = YES_ERROR;
				CLANG_WARN_DOCUMENTATION_COMMENTS = YES;
				CLANG_WARN_EMPTY_BODY = YES;
				CLANG_WARN_ENUM_CONVERSION = YES;
				CLANG_WARN_INFINITE_RECURSION = YES;
				CLANG_WARN_INT_CONVERSION = YES;
				CLANG_WARN_NON_LITERAL_NULL_CONVERSION = YES;
				CLANG_WARN_OBJC_IMPLICIT_RETAIN_SELF = YES;
				CLANG_WARN_OBJC_LITERAL_CONVERSION = YES;
				CLANG_WARN_OBJC_ROOT_CLASS = YES_ERROR;
				CLANG_WARN_QUOTED_INCLUDE_IN_FRAMEWORK_HEADER = YES;
				CLANG_WARN_RANGE_LOOP_ANALYSIS = YES;
				CLANG_WARN_STRICT_PROTOTYPES = YES;
				CLANG_WARN_SUSPICIOUS_MOVE = YES;
				CLANG_WARN_UNGUARDED_AVAILABILITY = YES_AGGRESSIVE;
				CLANG_WARN_UNREACHABLE_CODE = YES;
				CLANG_WARN__DUPLICATE_METHOD_MATCH = YES;
				COPY_PHASE_STRIP = NO;
				DEBUG_INFORMATION_FORMAT = "dwarf-with-dsym";
				ENABLE_NS_ASSERTIONS = NO;
				ENABLE_STRICT_OBJC_MSGSEND = YES;
				GCC_C_LANGUAGE_STANDARD = gnu11;
				GCC_NO_COMMON_BLOCKS = YES;
				GCC_WARN_64_TO_32_BIT_CONVERSION = YES;
				GCC_WARN_ABOUT_RETURN_TYPE = YES_ERROR;
				GCC_WARN_UNDECLARED_SELECTOR = YES;
				GCC_WARN_UNINITIALIZED_AUTOS = YES_AGGRESSIVE;
				GCC_WARN_UNUSED_FUNCTION = YES;
				GCC_WARN_UNUSED_VARIABLE = YES;
				IPHONEOS_DEPLOYMENT_TARGET = 16.4;
				MTL_ENABLE_DEBUG_INFO = NO;
				MTL_FAST_MATH = YES;
				SDKROOT = iphoneos;
				SWIFT_COMPILATION_MODE = wholemodule;
				SWIFT_OPTIMIZATION_LEVEL = "-O";
				VALIDATE_PRODUCT = YES;
			};
			name = Release;
		};
		1CBF42BA2A8CD25100612BAF /* Debug */ = {
			isa = XCBuildConfiguration;
			buildSettings = {
				ASSETCATALOG_COMPILER_APPICON_NAME = AppIcon;
				ASSETCATALOG_COMPILER_GLOBAL_ACCENT_COLOR_NAME = AccentColor;
				CODE_SIGN_STYLE = Automatic;
				CURRENT_PROJECT_VERSION = 1;
				DEVELOPMENT_TEAM = NXY923MCN7;
				GENERATE_INFOPLIST_FILE = YES;
				INFOPLIST_FILE = "tip-calculator/Info.plist";
				INFOPLIST_KEY_UIApplicationSupportsIndirectInputEvents = YES;
				INFOPLIST_KEY_UILaunchStoryboardName = LaunchScreen;
				INFOPLIST_KEY_UISupportedInterfaceOrientations_iPad = "UIInterfaceOrientationPortrait UIInterfaceOrientationPortraitUpsideDown UIInterfaceOrientationLandscapeLeft UIInterfaceOrientationLandscapeRight";
				INFOPLIST_KEY_UISupportedInterfaceOrientations_iPhone = "UIInterfaceOrientationPortrait UIInterfaceOrientationLandscapeLeft UIInterfaceOrientationLandscapeRight";
				LD_RUNPATH_SEARCH_PATHS = (
					"$(inherited)",
					"@executable_path/Frameworks",
				);
				MARKETING_VERSION = 1.0;
				PRODUCT_BUNDLE_IDENTIFIER = "com.comatoki.tip-calculator";
				PRODUCT_NAME = "$(TARGET_NAME)";
				SWIFT_EMIT_LOC_STRINGS = YES;
				SWIFT_VERSION = 5.0;
				TARGETED_DEVICE_FAMILY = "1,2";
			};
			name = Debug;
		};
		1CBF42BB2A8CD25100612BAF /* Release */ = {
			isa = XCBuildConfiguration;
			buildSettings = {
				ASSETCATALOG_COMPILER_APPICON_NAME = AppIcon;
				ASSETCATALOG_COMPILER_GLOBAL_ACCENT_COLOR_NAME = AccentColor;
				CODE_SIGN_STYLE = Automatic;
				CURRENT_PROJECT_VERSION = 1;
				DEVELOPMENT_TEAM = NXY923MCN7;
				GENERATE_INFOPLIST_FILE = YES;
				INFOPLIST_FILE = "tip-calculator/Info.plist";
				INFOPLIST_KEY_UIApplicationSupportsIndirectInputEvents = YES;
				INFOPLIST_KEY_UILaunchStoryboardName = LaunchScreen;
				INFOPLIST_KEY_UISupportedInterfaceOrientations_iPad = "UIInterfaceOrientationPortrait UIInterfaceOrientationPortraitUpsideDown UIInterfaceOrientationLandscapeLeft UIInterfaceOrientationLandscapeRight";
				INFOPLIST_KEY_UISupportedInterfaceOrientations_iPhone = "UIInterfaceOrientationPortrait UIInterfaceOrientationLandscapeLeft UIInterfaceOrientationLandscapeRight";
				LD_RUNPATH_SEARCH_PATHS = (
					"$(inherited)",
					"@executable_path/Frameworks",
				);
				MARKETING_VERSION = 1.0;
				PRODUCT_BUNDLE_IDENTIFIER = "com.comatoki.tip-calculator";
				PRODUCT_NAME = "$(TARGET_NAME)";
				SWIFT_EMIT_LOC_STRINGS = YES;
				SWIFT_VERSION = 5.0;
				TARGETED_DEVICE_FAMILY = "1,2";
			};
			name = Release;
		};
		1CBF42BD2A8CD25100612BAF /* Debug */ = {
			isa = XCBuildConfiguration;
			buildSettings = {
				ALWAYS_EMBED_SWIFT_STANDARD_LIBRARIES = YES;
				BUNDLE_LOADER = "$(TEST_HOST)";
				CODE_SIGN_STYLE = Automatic;
				CURRENT_PROJECT_VERSION = 1;
				DEVELOPMENT_TEAM = NXY923MCN7;
				GENERATE_INFOPLIST_FILE = YES;
				IPHONEOS_DEPLOYMENT_TARGET = 16.4;
				MARKETING_VERSION = 1.0;
				PRODUCT_BUNDLE_IDENTIFIER = "com.comatoki.tip-calculatorTests";
				PRODUCT_NAME = "$(TARGET_NAME)";
				SWIFT_EMIT_LOC_STRINGS = NO;
				SWIFT_VERSION = 5.0;
				TARGETED_DEVICE_FAMILY = "1,2";
				TEST_HOST = "$(BUILT_PRODUCTS_DIR)/tip-calculator.app/$(BUNDLE_EXECUTABLE_FOLDER_PATH)/tip-calculator";
			};
			name = Debug;
		};
		1CBF42BE2A8CD25100612BAF /* Release */ = {
			isa = XCBuildConfiguration;
			buildSettings = {
				ALWAYS_EMBED_SWIFT_STANDARD_LIBRARIES = YES;
				BUNDLE_LOADER = "$(TEST_HOST)";
				CODE_SIGN_STYLE = Automatic;
				CURRENT_PROJECT_VERSION = 1;
				DEVELOPMENT_TEAM = NXY923MCN7;
				GENERATE_INFOPLIST_FILE = YES;
				IPHONEOS_DEPLOYMENT_TARGET = 16.4;
				MARKETING_VERSION = 1.0;
				PRODUCT_BUNDLE_IDENTIFIER = "com.comatoki.tip-calculatorTests";
				PRODUCT_NAME = "$(TARGET_NAME)";
				SWIFT_EMIT_LOC_STRINGS = NO;
				SWIFT_VERSION = 5.0;
				TARGETED_DEVICE_FAMILY = "1,2";
				TEST_HOST = "$(BUILT_PRODUCTS_DIR)/tip-calculator.app/$(BUNDLE_EXECUTABLE_FOLDER_PATH)/tip-calculator";
			};
			name = Release;
		};
		1CBF42C02A8CD25100612BAF /* Debug */ = {
			isa = XCBuildConfiguration;
			buildSettings = {
				ALWAYS_EMBED_SWIFT_STANDARD_LIBRARIES = YES;
				CODE_SIGN_STYLE = Automatic;
				CURRENT_PROJECT_VERSION = 1;
				DEVELOPMENT_TEAM = NXY923MCN7;
				GENERATE_INFOPLIST_FILE = YES;
				MARKETING_VERSION = 1.0;
				PRODUCT_BUNDLE_IDENTIFIER = "com.comatoki.tip-calculatorUITests";
				PRODUCT_NAME = "$(TARGET_NAME)";
				SWIFT_EMIT_LOC_STRINGS = NO;
				SWIFT_VERSION = 5.0;
				TARGETED_DEVICE_FAMILY = "1,2";
				TEST_TARGET_NAME = "tip-calculator";
			};
			name = Debug;
		};
		1CBF42C12A8CD25100612BAF /* Release */ = {
			isa = XCBuildConfiguration;
			buildSettings = {
				ALWAYS_EMBED_SWIFT_STANDARD_LIBRARIES = YES;
				CODE_SIGN_STYLE = Automatic;
				CURRENT_PROJECT_VERSION = 1;
				DEVELOPMENT_TEAM = NXY923MCN7;
				GENERATE_INFOPLIST_FILE = YES;
				MARKETING_VERSION = 1.0;
				PRODUCT_BUNDLE_IDENTIFIER = "com.comatoki.tip-calculatorUITests";
				PRODUCT_NAME = "$(TARGET_NAME)";
				SWIFT_EMIT_LOC_STRINGS = NO;
				SWIFT_VERSION = 5.0;
				TARGETED_DEVICE_FAMILY = "1,2";
				TEST_TARGET_NAME = "tip-calculator";
			};
			name = Release;
		};
/* End XCBuildConfiguration section */

/* Begin XCConfigurationList section */
		1CBF428A2A8CD24E00612BAF /* Build configuration list for PBXProject "tip-calculator" */ = {
			isa = XCConfigurationList;
			buildConfigurations = (
				1CBF42B72A8CD25100612BAF /* Debug */,
				1CBF42B82A8CD25100612BAF /* Release */,
			);
			defaultConfigurationIsVisible = 0;
			defaultConfigurationName = Release;
		};
		1CBF42B92A8CD25100612BAF /* Build configuration list for PBXNativeTarget "tip-calculator" */ = {
			isa = XCConfigurationList;
			buildConfigurations = (
				1CBF42BA2A8CD25100612BAF /* Debug */,
				1CBF42BB2A8CD25100612BAF /* Release */,
			);
			defaultConfigurationIsVisible = 0;
			defaultConfigurationName = Release;
		};
		1CBF42BC2A8CD25100612BAF /* Build configuration list for PBXNativeTarget "tip-calculatorTests" */ = {
			isa = XCConfigurationList;
			buildConfigurations = (
				1CBF42BD2A8CD25100612BAF /* Debug */,
				1CBF42BE2A8CD25100612BAF /* Release */,
			);
			defaultConfigurationIsVisible = 0;
			defaultConfigurationName = Release;
		};
		1CBF42BF2A8CD25100612BAF /* Build configuration list for PBXNativeTarget "tip-calculatorUITests" */ = {
			isa = XCConfigurationList;
			buildConfigurations = (
				1CBF42C02A8CD25100612BAF /* Debug */,
				1CBF42C12A8CD25100612BAF /* Release */,
			);
			defaultConfigurationIsVisible = 0;
			defaultConfigurationName = Release;
		};
/* End XCConfigurationList section */

/* Begin XCRemoteSwiftPackageReference section */
		1CBF42C22A8CD32F00612BAF /* XCRemoteSwiftPackageReference "CombineCocoa" */ = {
			isa = XCRemoteSwiftPackageReference;
			repositoryURL = "https://github.com/CombineCommunity/CombineCocoa";
			requirement = {
				kind = upToNextMinorVersion;
				minimumVersion = 0.4.1;
			};
		};
		1CBF42C52A8CD35400612BAF /* XCRemoteSwiftPackageReference "SnapKit" */ = {
			isa = XCRemoteSwiftPackageReference;
			repositoryURL = "https://github.com/SnapKit/SnapKit";
			requirement = {
				kind = upToNextMinorVersion;
				minimumVersion = 5.6.0;
			};
		};
		1CBF42CB2A8CD3D000612BAF /* XCRemoteSwiftPackageReference "swift-snapshot-testing" */ = {
			isa = XCRemoteSwiftPackageReference;
			repositoryURL = "https://github.com/pointfreeco/swift-snapshot-testing";
			requirement = {
				kind = upToNextMinorVersion;
				minimumVersion = 1.11.0;
			};
		};
/* End XCRemoteSwiftPackageReference section */

/* Begin XCSwiftPackageProductDependency section */
		1CBF42C32A8CD32F00612BAF /* CombineCocoa */ = {
			isa = XCSwiftPackageProductDependency;
			package = 1CBF42C22A8CD32F00612BAF /* XCRemoteSwiftPackageReference "CombineCocoa" */;
			productName = CombineCocoa;
		};
		1CBF42C62A8CD35400612BAF /* SnapKit */ = {
			isa = XCSwiftPackageProductDependency;
			package = 1CBF42C52A8CD35400612BAF /* XCRemoteSwiftPackageReference "SnapKit" */;
			productName = SnapKit;
		};
		1CBF42C92A8CD39A00612BAF /* CombineCocoa */ = {
			isa = XCSwiftPackageProductDependency;
			package = 1CBF42C22A8CD32F00612BAF /* XCRemoteSwiftPackageReference "CombineCocoa" */;
			productName = CombineCocoa;
		};
		1CBF42CC2A8CD3D000612BAF /* SnapshotTesting */ = {
			isa = XCSwiftPackageProductDependency;
			package = 1CBF42CB2A8CD3D000612BAF /* XCRemoteSwiftPackageReference "swift-snapshot-testing" */;
			productName = SnapshotTesting;
		};
		1CBF42CE2A8CD3E800612BAF /* CombineCocoa */ = {
			isa = XCSwiftPackageProductDependency;
			package = 1CBF42C22A8CD32F00612BAF /* XCRemoteSwiftPackageReference "CombineCocoa" */;
			productName = CombineCocoa;
		};
/* End XCSwiftPackageProductDependency section */
	};
	rootObject = 1CBF42872A8CD24E00612BAF /* Project object */;
}
